
Microsoft Visual Studio Solution File, Format Version 12.00
# Visual Studio 14
VisualStudioVersion = 14.0.25420.1
MinimumVisualStudioVersion = 10.0.40219.1
Project("{E24C65DC-7377-472B-9ABA-BC803B73C61A}") = "TuyenSinhDaihoc", ".", "{61B4079F-2F22-4D45-86AE-793E65A9571A}"
	ProjectSection(WebsiteProperties) = preProject
		TargetFrameworkMoniker = ".NETFramework,Version%3Dv4.5.2"
		Debug.AspNetCompiler.VirtualPath = "/localhost_65433"
		Debug.AspNetCompiler.PhysicalPath = "..\TuyenSinhDaihoc\"
		Debug.AspNetCompiler.TargetPath = "PrecompiledWeb\localhost_65433\"
		Debug.AspNetCompiler.Updateable = "true"
		Debug.AspNetCompiler.ForceOverwrite = "true"
		Debug.AspNetCompiler.FixedNames = "false"
		Debug.AspNetCompiler.Debug = "True"
		Release.AspNetCompiler.VirtualPath = "/localhost_65433"
		Release.AspNetCompiler.PhysicalPath = "..\TuyenSinhDaihoc\"
		Release.AspNetCompiler.TargetPath = "PrecompiledWeb\localhost_65433\"
		Release.AspNetCompiler.Updateable = "true"
		Release.AspNetCompiler.ForceOverwrite = "true"
		Release.AspNetCompiler.FixedNames = "false"
		Release.AspNetCompiler.Debug = "False"
		VWDPort = "65433"
	EndProjectSection
EndProject
Global
	GlobalSection(SolutionConfigurationPlatforms) = preSolution
		Debug|Any CPU = Debug|Any CPU
	EndGlobalSection
	GlobalSection(ProjectConfigurationPlatforms) = postSolution
		{61B4079F-2F22-4D45-86AE-793E65A9571A}.Debug|Any CPU.ActiveCfg = Debug|Any CPU
		{61B4079F-2F22-4D45-86AE-793E65A9571A}.Debug|Any CPU.Build.0 = Debug|Any CPU
	EndGlobalSection
	GlobalSection(SolutionProperties) = preSolution
		HideSolutionNode = FALSE
	EndGlobalSection
EndGlobal
